
Microsoft Visual Studio Solution File, Format Version 12.00
# Visual Studio 15
VisualStudioVersion = 15.0.27703.2035
MinimumVisualStudioVersion = 10.0.40219.1
Project("{FAE04EC0-301F-11D3-BF4B-00C04F79EFBC}") = "DialerBox.Interop", "DialerBox.Interop\DialerBox.Interop.csproj", "{F93D10E0-23B2-4634-A794-79DE6B487B6B}"
EndProject
Project("{FAE04EC0-301F-11D3-BF4B-00C04F79EFBC}") = "UnitTest", "UnitTest\UnitTest.csproj", "{97F2801F-A285-4781-9B07-971638EBA001}"
EndProject
Project("{FAE04EC0-301F-11D3-BF4B-00C04F79EFBC}") = "DialerBox.App", "DialerBox.App\DialerBox.App.csproj", "{43404400-0CB1-4F98-9BAF-803682C68EEE}"
EndProject
Global
	GlobalSection(SolutionConfigurationPlatforms) = preSolution
		Debug|Any CPU = Debug|Any CPU
		Debug|ARM = Debug|ARM
		Debug|x64 = Debug|x64
		Debug|x86 = Debug|x86
		Release|Any CPU = Release|Any CPU
		Release|ARM = Release|ARM
		Release|x64 = Release|x64
		Release|x86 = Release|x86
	EndGlobalSection
	GlobalSection(ProjectConfigurationPlatforms) = postSolution
		{F93D10E0-23B2-4634-A794-79DE6B487B6B}.Debug|Any CPU.ActiveCfg = Debug|Any CPU
		{F93D10E0-23B2-4634-A794-79DE6B487B6B}.Debug|Any CPU.Build.0 = Debug|Any CPU
		{F93D10E0-23B2-4634-A794-79DE6B487B6B}.Debug|ARM.ActiveCfg = Debug|Any CPU
		{F93D10E0-23B2-4634-A794-79DE6B487B6B}.Debug|ARM.Build.0 = Debug|Any CPU
		{F93D10E0-23B2-4634-A794-79DE6B487B6B}.Debug|x64.ActiveCfg = Debug|Any CPU
		{F93D10E0-23B2-4634-A794-79DE6B487B6B}.Debug|x64.Build.0 = Debug|Any CPU
		{F93D10E0-23B2-4634-A794-79DE6B487B6B}.Debug|x86.ActiveCfg = Debug|Any CPU
		{F93D10E0-23B2-4634-A794-79DE6B487B6B}.Debug|x86.Build.0 = Debug|Any CPU
		{F93D10E0-23B2-4634-A794-79DE6B487B6B}.Release|Any CPU.ActiveCfg = Release|Any CPU
		{F93D10E0-23B2-4634-A794-79DE6B487B6B}.Release|Any CPU.Build.0 = Release|Any CPU
		{F93D10E0-23B2-4634-A794-79DE6B487B6B}.Release|ARM.ActiveCfg = Release|Any CPU
		{F93D10E0-23B2-4634-A794-79DE6B487B6B}.Release|ARM.Build.0 = Release|Any CPU
		{F93D10E0-23B2-4634-A794-79DE6B487B6B}.Release|x64.ActiveCfg = Release|Any CPU
		{F93D10E0-23B2-4634-A794-79DE6B487B6B}.Release|x64.Build.0 = Release|Any CPU
		{F93D10E0-23B2-4634-A794-79DE6B487B6B}.Release|x86.ActiveCfg = Release|Any CPU
		{F93D10E0-23B2-4634-A794-79DE6B487B6B}.Release|x86.Build.0 = Release|Any CPU
		{97F2801F-A285-4781-9B07-971638EBA001}.Debug|Any CPU.ActiveCfg = Debug|Any CPU
		{97F2801F-A285-4781-9B07-971638EBA001}.Debug|Any CPU.Build.0 = Debug|Any CPU
		{97F2801F-A285-4781-9B07-971638EBA001}.Debug|ARM.ActiveCfg = Debug|Any CPU
		{97F2801F-A285-4781-9B07-971638EBA001}.Debug|ARM.Build.0 = Debug|Any CPU
		{97F2801F-A285-4781-9B07-971638EBA001}.Debug|x64.ActiveCfg = Debug|Any CPU
		{97F2801F-A285-4781-9B07-971638EBA001}.Debug|x64.Build.0 = Debug|Any CPU
		{97F2801F-A285-4781-9B07-971638EBA001}.Debug|x86.ActiveCfg = Debug|Any CPU
		{97F2801F-A285-4781-9B07-971638EBA001}.Debug|x86.Build.0 = Debug|Any CPU
		{97F2801F-A285-4781-9B07-971638EBA001}.Release|Any CPU.ActiveCfg = Release|Any CPU
		{97F2801F-A285-4781-9B07-971638EBA001}.Release|Any CPU.Build.0 = Release|Any CPU
		{97F2801F-A285-4781-9B07-971638EBA001}.Release|ARM.ActiveCfg = Release|Any CPU
		{97F2801F-A285-4781-9B07-971638EBA001}.Release|ARM.Build.0 = Release|Any CPU
		{97F2801F-A285-4781-9B07-971638EBA001}.Release|x64.ActiveCfg = Release|Any CPU
		{97F2801F-A285-4781-9B07-971638EBA001}.Release|x64.Build.0 = Release|Any CPU
		{97F2801F-A285-4781-9B07-971638EBA001}.Release|x86.ActiveCfg = Release|Any CPU
		{97F2801F-A285-4781-9B07-971638EBA001}.Release|x86.Build.0 = Release|Any CPU
		{43404400-0CB1-4F98-9BAF-803682C68EEE}.Debug|Any CPU.ActiveCfg = Debug|Any CPU
		{43404400-0CB1-4F98-9BAF-803682C68EEE}.Debug|Any CPU.Build.0 = Debug|Any CPU
		{43404400-0CB1-4F98-9BAF-803682C68EEE}.Debug|ARM.ActiveCfg = Debug|Any CPU
		{43404400-0CB1-4F98-9BAF-803682C68EEE}.Debug|ARM.Build.0 = Debug|Any CPU
		{43404400-0CB1-4F98-9BAF-803682C68EEE}.Debug|x64.ActiveCfg = Debug|Any CPU
		{43404400-0CB1-4F98-9BAF-803682C68EEE}.Debug|x64.Build.0 = Debug|Any CPU
		{43404400-0CB1-4F98-9BAF-803682C68EEE}.Debug|x86.ActiveCfg = Debug|Any CPU
		{43404400-0CB1-4F98-9BAF-803682C68EEE}.Debug|x86.Build.0 = Debug|Any CPU
		{43404400-0CB1-4F98-9BAF-803682C68EEE}.Release|Any CPU.ActiveCfg = Release|Any CPU
		{43404400-0CB1-4F98-9BAF-803682C68EEE}.Release|Any CPU.Build.0 = Release|Any CPU
		{43404400-0CB1-4F98-9BAF-803682C68EEE}.Release|ARM.ActiveCfg = Release|Any CPU
		{43404400-0CB1-4F98-9BAF-803682C68EEE}.Release|ARM.Build.0 = Release|Any CPU
		{43404400-0CB1-4F98-9BAF-803682C68EEE}.Release|x64.ActiveCfg = Release|Any CPU
		{43404400-0CB1-4F98-9BAF-803682C68EEE}.Release|x64.Build.0 = Release|Any CPU
		{43404400-0CB1-4F98-9BAF-803682C68EEE}.Release|x86.ActiveCfg = Release|Any CPU
		{43404400-0CB1-4F98-9BAF-803682C68EEE}.Release|x86.Build.0 = Release|Any CPU
	EndGlobalSection
	GlobalSection(SolutionProperties) = preSolution
		HideSolutionNode = FALSE
	EndGlobalSection
	GlobalSection(ExtensibilityGlobals) = postSolution
		SolutionGuid = {97AF9EED-612E-4A06-B5A9-0A04077B3251}
	EndGlobalSection
EndGlobal
